// !$*UTF8*$!
{
	archiveVersion = 1;
	classes = {
	};
	objectVersion = 51;
	objects = {

/* Begin PBXBuildFile section */
		10BBCE2D25258C7E00AD06C8 /* CustomModel.swift in Sources */ = {isa = PBXBuildFile; fileRef = 10BBCE2C25258C7E00AD06C8 /* CustomModel.swift */; };
		10C839592522D0FA007172B9 /* GoogleService-Info.plist in Resources */ = {isa = PBXBuildFile; fileRef = 10C839582522D0FA007172B9 /* GoogleService-Info.plist */; };
		398D50FA70C45754169DA650 /* Pods_PhotoFinish.framework in Frameworks */ = {isa = PBXBuildFile; fileRef = EB8379A1E3D0DA784A2C2758 /* Pods_PhotoFinish.framework */; };
		FD0FFF3A24847648004ED105 /* Data.swift in Sources */ = {isa = PBXBuildFile; fileRef = FD0FFF3924847648004ED105 /* Data.swift */; };
		FD0FFF3C24848F04004ED105 /* GameViews.swift in Sources */ = {isa = PBXBuildFile; fileRef = FD0FFF3B24848F04004ED105 /* GameViews.swift */; };
		FD0FFF3E24849199004ED105 /* CameraView.swift in Sources */ = {isa = PBXBuildFile; fileRef = FD0FFF3D24849199004ED105 /* CameraView.swift */; };
		FD0FFF422484B31D004ED105 /* gameData.json in Resources */ = {isa = PBXBuildFile; fileRef = FD0FFF412484B31D004ED105 /* gameData.json */; };
		FD0FFF442484B45C004ED105 /* Game.swift in Sources */ = {isa = PBXBuildFile; fileRef = FD0FFF432484B45C004ED105 /* Game.swift */; };
		FD0FFF462484BA16004ED105 /* Submission.swift in Sources */ = {isa = PBXBuildFile; fileRef = FD0FFF452484BA16004ED105 /* Submission.swift */; };
		FD0FFF482484BE74004ED105 /* PromptSlice.swift in Sources */ = {isa = PBXBuildFile; fileRef = FD0FFF472484BE74004ED105 /* PromptSlice.swift */; };
		FD0FFF4A2484CC5A004ED105 /* PromptCircle.swift in Sources */ = {isa = PBXBuildFile; fileRef = FD0FFF492484CC5A004ED105 /* PromptCircle.swift */; };
		FD1B48F024988B8A008AFE56 /* Coordinator.swift in Sources */ = {isa = PBXBuildFile; fileRef = FD1B48EF24988B8A008AFE56 /* Coordinator.swift */; };
		FD6693AA2486B80C00AB50FB /* UserData.swift in Sources */ = {isa = PBXBuildFile; fileRef = FD6693A92486B80C00AB50FB /* UserData.swift */; };
		FD97F8932484524300A810E8 /* AppDelegate.swift in Sources */ = {isa = PBXBuildFile; fileRef = FD97F8922484524300A810E8 /* AppDelegate.swift */; };
		FD97F8952484524300A810E8 /* SceneDelegate.swift in Sources */ = {isa = PBXBuildFile; fileRef = FD97F8942484524300A810E8 /* SceneDelegate.swift */; };
		FD97F8972484524300A810E8 /* ContentView.swift in Sources */ = {isa = PBXBuildFile; fileRef = FD97F8962484524300A810E8 /* ContentView.swift */; };
		FD97F8992484524500A810E8 /* Assets.xcassets in Resources */ = {isa = PBXBuildFile; fileRef = FD97F8982484524500A810E8 /* Assets.xcassets */; };
		FD97F89C2484524500A810E8 /* Preview Assets.xcassets in Resources */ = {isa = PBXBuildFile; fileRef = FD97F89B2484524500A810E8 /* Preview Assets.xcassets */; };
		FD97F89F2484524500A810E8 /* LaunchScreen.storyboard in Resources */ = {isa = PBXBuildFile; fileRef = FD97F89D2484524500A810E8 /* LaunchScreen.storyboard */; };
/* End PBXBuildFile section */

/* Begin PBXFileReference section */
		10BBCE2C25258C7E00AD06C8 /* CustomModel.swift */ = {isa = PBXFileReference; lastKnownFileType = sourcecode.swift; path = CustomModel.swift; sourceTree = "<group>"; };
		10C839582522D0FA007172B9 /* GoogleService-Info.plist */ = {isa = PBXFileReference; fileEncoding = 4; lastKnownFileType = text.plist.xml; path = "GoogleService-Info.plist"; sourceTree = "<group>"; };
		924C61103C003CC61B3C97EE /* Pods-PhotoFinish.release.xcconfig */ = {isa = PBXFileReference; includeInIndex = 1; lastKnownFileType = text.xcconfig; name = "Pods-PhotoFinish.release.xcconfig"; path = "Target Support Files/Pods-PhotoFinish/Pods-PhotoFinish.release.xcconfig"; sourceTree = "<group>"; };
		CF159BDE97F29661E56AFA65 /* Pods-PhotoFinish.debug.xcconfig */ = {isa = PBXFileReference; includeInIndex = 1; lastKnownFileType = text.xcconfig; name = "Pods-PhotoFinish.debug.xcconfig"; path = "Target Support Files/Pods-PhotoFinish/Pods-PhotoFinish.debug.xcconfig"; sourceTree = "<group>"; };
		EB8379A1E3D0DA784A2C2758 /* Pods_PhotoFinish.framework */ = {isa = PBXFileReference; explicitFileType = wrapper.framework; includeInIndex = 0; path = Pods_PhotoFinish.framework; sourceTree = BUILT_PRODUCTS_DIR; };
		FD0FFF3924847648004ED105 /* Data.swift */ = {isa = PBXFileReference; lastKnownFileType = sourcecode.swift; path = Data.swift; sourceTree = "<group>"; };
		FD0FFF3B24848F04004ED105 /* GameViews.swift */ = {isa = PBXFileReference; lastKnownFileType = sourcecode.swift; path = GameViews.swift; sourceTree = "<group>"; };
		FD0FFF3D24849199004ED105 /* CameraView.swift */ = {isa = PBXFileReference; lastKnownFileType = sourcecode.swift; path = CameraView.swift; sourceTree = "<group>"; };
		FD0FFF412484B31D004ED105 /* gameData.json */ = {isa = PBXFileReference; fileEncoding = 4; lastKnownFileType = text.json; path = gameData.json; sourceTree = "<group>"; };
		FD0FFF432484B45C004ED105 /* Game.swift */ = {isa = PBXFileReference; lastKnownFileType = sourcecode.swift; path = Game.swift; sourceTree = "<group>"; };
		FD0FFF452484BA16004ED105 /* Submission.swift */ = {isa = PBXFileReference; lastKnownFileType = sourcecode.swift; path = Submission.swift; sourceTree = "<group>"; };
		FD0FFF472484BE74004ED105 /* PromptSlice.swift */ = {isa = PBXFileReference; lastKnownFileType = sourcecode.swift; path = PromptSlice.swift; sourceTree = "<group>"; };
		FD0FFF492484CC5A004ED105 /* PromptCircle.swift */ = {isa = PBXFileReference; lastKnownFileType = sourcecode.swift; path = PromptCircle.swift; sourceTree = "<group>"; };
		FD1B48EF24988B8A008AFE56 /* Coordinator.swift */ = {isa = PBXFileReference; lastKnownFileType = sourcecode.swift; path = Coordinator.swift; sourceTree = "<group>"; };
		FD6693A92486B80C00AB50FB /* UserData.swift */ = {isa = PBXFileReference; lastKnownFileType = sourcecode.swift; path = UserData.swift; sourceTree = "<group>"; };
		FD97F88F2484524300A810E8 /* PhotoFinish.app */ = {isa = PBXFileReference; explicitFileType = wrapper.application; includeInIndex = 0; path = PhotoFinish.app; sourceTree = BUILT_PRODUCTS_DIR; };
		FD97F8922484524300A810E8 /* AppDelegate.swift */ = {isa = PBXFileReference; lastKnownFileType = sourcecode.swift; path = AppDelegate.swift; sourceTree = "<group>"; };
		FD97F8942484524300A810E8 /* SceneDelegate.swift */ = {isa = PBXFileReference; lastKnownFileType = sourcecode.swift; path = SceneDelegate.swift; sourceTree = "<group>"; };
		FD97F8962484524300A810E8 /* ContentView.swift */ = {isa = PBXFileReference; lastKnownFileType = sourcecode.swift; path = ContentView.swift; sourceTree = "<group>"; };
		FD97F8982484524500A810E8 /* Assets.xcassets */ = {isa = PBXFileReference; lastKnownFileType = folder.assetcatalog; path = Assets.xcassets; sourceTree = "<group>"; };
		FD97F89B2484524500A810E8 /* Preview Assets.xcassets */ = {isa = PBXFileReference; lastKnownFileType = folder.assetcatalog; path = "Preview Assets.xcassets"; sourceTree = "<group>"; };
		FD97F89E2484524500A810E8 /* Base */ = {isa = PBXFileReference; lastKnownFileType = file.storyboard; name = Base; path = Base.lproj/LaunchScreen.storyboard; sourceTree = "<group>"; };
		FD97F8A02484524500A810E8 /* Info.plist */ = {isa = PBXFileReference; lastKnownFileType = text.plist.xml; path = Info.plist; sourceTree = "<group>"; };
/* End PBXFileReference section */

/* Begin PBXFrameworksBuildPhase section */
		FD97F88C2484524300A810E8 /* Frameworks */ = {
			isa = PBXFrameworksBuildPhase;
			buildActionMask = 2147483647;
			files = (
				398D50FA70C45754169DA650 /* Pods_PhotoFinish.framework in Frameworks */,
			);
			runOnlyForDeploymentPostprocessing = 0;
		};
/* End PBXFrameworksBuildPhase section */

/* Begin PBXGroup section */
		10BBCE2825258AB400AD06C8 /* repository */ = {
			isa = PBXGroup;
			children = (
			);
			path = repository;
			sourceTree = "<group>";
		};
		10BBCE352529510F00AD06C8 /* views */ = {
			isa = PBXGroup;
			children = (
				FD1B48EF24988B8A008AFE56 /* Coordinator.swift */,
			);
			path = views;
			sourceTree = "<group>";
		};
		2046256A7178E17646BD9907 /* Pods */ = {
			isa = PBXGroup;
			children = (
				CF159BDE97F29661E56AFA65 /* Pods-PhotoFinish.debug.xcconfig */,
				924C61103C003CC61B3C97EE /* Pods-PhotoFinish.release.xcconfig */,
			);
			path = Pods;
			sourceTree = "<group>";
		};
		C588903064F26BC7CE50F0AC /* Frameworks */ = {
			isa = PBXGroup;
			children = (
				EB8379A1E3D0DA784A2C2758 /* Pods_PhotoFinish.framework */,
			);
			name = Frameworks;
			sourceTree = "<group>";
		};
		FD0FFF362484752D004ED105 /* Resources */ = {
			isa = PBXGroup;
			children = (
				FD0FFF412484B31D004ED105 /* gameData.json */,
			);
			path = Resources;
			sourceTree = "<group>";
		};
		FD0FFF3824847636004ED105 /* Models */ = {
			isa = PBXGroup;
			children = (
				FD0FFF3924847648004ED105 /* Data.swift */,
				FD6693A92486B80C00AB50FB /* UserData.swift */,
				FD0FFF452484BA16004ED105 /* Submission.swift */,
				FD0FFF432484B45C004ED105 /* Game.swift */,
				10BBCE2C25258C7E00AD06C8 /* CustomModel.swift */,
			);
			path = Models;
			sourceTree = "<group>";
		};
		FD97F8862484524300A810E8 = {
			isa = PBXGroup;
			children = (
				FD97F8912484524300A810E8 /* PhotoFinish */,
				FD97F8902484524300A810E8 /* Products */,
				2046256A7178E17646BD9907 /* Pods */,
				C588903064F26BC7CE50F0AC /* Frameworks */,
			);
			sourceTree = "<group>";
		};
		FD97F8902484524300A810E8 /* Products */ = {
			isa = PBXGroup;
			children = (
				FD97F88F2484524300A810E8 /* PhotoFinish.app */,
			);
			name = Products;
			sourceTree = "<group>";
		};
		FD97F8912484524300A810E8 /* PhotoFinish */ = {
			isa = PBXGroup;
			children = (
				10BBCE352529510F00AD06C8 /* views */,
				10BBCE2825258AB400AD06C8 /* repository */,
				FD0FFF3824847636004ED105 /* Models */,
				FD0FFF362484752D004ED105 /* Resources */,
				FD97F8922484524300A810E8 /* AppDelegate.swift */,
				FD97F8942484524300A810E8 /* SceneDelegate.swift */,
				FD97F8962484524300A810E8 /* ContentView.swift */,
				FD0FFF3B24848F04004ED105 /* GameViews.swift */,
				FD0FFF3D24849199004ED105 /* CameraView.swift */,
				FD0FFF472484BE74004ED105 /* PromptSlice.swift */,
				FD0FFF492484CC5A004ED105 /* PromptCircle.swift */,
				FD97F8982484524500A810E8 /* Assets.xcassets */,
				FD97F89D2484524500A810E8 /* LaunchScreen.storyboard */,
				10C839582522D0FA007172B9 /* GoogleService-Info.plist */,
				FD97F8A02484524500A810E8 /* Info.plist */,
				FD97F89A2484524500A810E8 /* Preview Content */,
			);
			path = PhotoFinish;
			sourceTree = "<group>";
		};
		FD97F89A2484524500A810E8 /* Preview Content */ = {
			isa = PBXGroup;
			children = (
				FD97F89B2484524500A810E8 /* Preview Assets.xcassets */,
			);
			path = "Preview Content";
			sourceTree = "<group>";
		};
/* End PBXGroup section */

/* Begin PBXNativeTarget section */
		FD97F88E2484524300A810E8 /* PhotoFinish */ = {
			isa = PBXNativeTarget;
			buildConfigurationList = FD97F8A32484524500A810E8 /* Build configuration list for PBXNativeTarget "PhotoFinish" */;
			buildPhases = (
				5A638F3E6B5E971EBBEEEEDD /* [CP] Check Pods Manifest.lock */,
				FD97F88B2484524300A810E8 /* Sources */,
				FD97F88C2484524300A810E8 /* Frameworks */,
				FD97F88D2484524300A810E8 /* Resources */,
				B5192BE412011D8E8E1408B8 /* [CP] Embed Pods Frameworks */,
			);
			buildRules = (
			);
			dependencies = (
			);
			name = PhotoFinish;
			productName = PhotoFinish;
			productReference = FD97F88F2484524300A810E8 /* PhotoFinish.app */;
			productType = "com.apple.product-type.application";
		};
/* End PBXNativeTarget section */

/* Begin PBXProject section */
		FD97F8872484524300A810E8 /* Project object */ = {
			isa = PBXProject;
			attributes = {
				LastSwiftUpdateCheck = 1150;
				LastUpgradeCheck = 1150;
				ORGANIZATIONNAME = "Sleepy Studios";
				TargetAttributes = {
					FD97F88E2484524300A810E8 = {
						CreatedOnToolsVersion = 11.5;
					};
				};
			};
			buildConfigurationList = FD97F88A2484524300A810E8 /* Build configuration list for PBXProject "PhotoFinish" */;
			compatibilityVersion = "Xcode 9.3";
			developmentRegion = en;
			hasScannedForEncodings = 0;
			knownRegions = (
				en,
				Base,
			);
			mainGroup = FD97F8862484524300A810E8;
			productRefGroup = FD97F8902484524300A810E8 /* Products */;
			projectDirPath = "";
			projectRoot = "";
			targets = (
				FD97F88E2484524300A810E8 /* PhotoFinish */,
			);
		};
/* End PBXProject section */

/* Begin PBXResourcesBuildPhase section */
		FD97F88D2484524300A810E8 /* Resources */ = {
			isa = PBXResourcesBuildPhase;
			buildActionMask = 2147483647;
			files = (
				FD97F89F2484524500A810E8 /* LaunchScreen.storyboard in Resources */,
				FD97F89C2484524500A810E8 /* Preview Assets.xcassets in Resources */,
				10C839592522D0FA007172B9 /* GoogleService-Info.plist in Resources */,
				FD97F8992484524500A810E8 /* Assets.xcassets in Resources */,
				FD0FFF422484B31D004ED105 /* gameData.json in Resources */,
			);
			runOnlyForDeploymentPostprocessing = 0;
		};
/* End PBXResourcesBuildPhase section */

/* Begin PBXShellScriptBuildPhase section */
		5A638F3E6B5E971EBBEEEEDD /* [CP] Check Pods Manifest.lock */ = {
			isa = PBXShellScriptBuildPhase;
			buildActionMask = 2147483647;
			files = (
			);
			inputFileListPaths = (
			);
			inputPaths = (
				"${PODS_PODFILE_DIR_PATH}/Podfile.lock",
				"${PODS_ROOT}/Manifest.lock",
			);
			name = "[CP] Check Pods Manifest.lock";
			outputFileListPaths = (
			);
			outputPaths = (
				"$(DERIVED_FILE_DIR)/Pods-PhotoFinish-checkManifestLockResult.txt",
			);
			runOnlyForDeploymentPostprocessing = 0;
			shellPath = /bin/sh;
			shellScript = "diff \"${PODS_PODFILE_DIR_PATH}/Podfile.lock\" \"${PODS_ROOT}/Manifest.lock\" > /dev/null\nif [ $? != 0 ] ; then\n    # print error to STDERR\n    echo \"error: The sandbox is not in sync with the Podfile.lock. Run 'pod install' or update your CocoaPods installation.\" >&2\n    exit 1\nfi\n# This output is used by Xcode 'outputs' to avoid re-running this script phase.\necho \"SUCCESS\" > \"${SCRIPT_OUTPUT_FILE_0}\"\n";
			showEnvVarsInLog = 0;
		};
		B5192BE412011D8E8E1408B8 /* [CP] Embed Pods Frameworks */ = {
			isa = PBXShellScriptBuildPhase;
			buildActionMask = 2147483647;
			files = (
			);
			inputFileListPaths = (
				"${PODS_ROOT}/Target Support Files/Pods-PhotoFinish/Pods-PhotoFinish-frameworks-${CONFIGURATION}-input-files.xcfilelist",
			);
			name = "[CP] Embed Pods Frameworks";
			outputFileListPaths = (
				"${PODS_ROOT}/Target Support Files/Pods-PhotoFinish/Pods-PhotoFinish-frameworks-${CONFIGURATION}-output-files.xcfilelist",
			);
			runOnlyForDeploymentPostprocessing = 0;
			shellPath = /bin/sh;
			shellScript = "\"${PODS_ROOT}/Target Support Files/Pods-PhotoFinish/Pods-PhotoFinish-frameworks.sh\"\n";
			showEnvVarsInLog = 0;
		};
/* End PBXShellScriptBuildPhase section */

/* Begin PBXSourcesBuildPhase section */
		FD97F88B2484524300A810E8 /* Sources */ = {
			isa = PBXSourcesBuildPhase;
			buildActionMask = 2147483647;
			files = (
				FD97F8932484524300A810E8 /* AppDelegate.swift in Sources */,
				FD97F8952484524300A810E8 /* SceneDelegate.swift in Sources */,
				10BBCE2D25258C7E00AD06C8 /* CustomModel.swift in Sources */,
				FD0FFF442484B45C004ED105 /* Game.swift in Sources */,
				FD97F8972484524300A810E8 /* ContentView.swift in Sources */,
				FD0FFF482484BE74004ED105 /* PromptSlice.swift in Sources */,
				FD6693AA2486B80C00AB50FB /* UserData.swift in Sources */,
				FD0FFF3E24849199004ED105 /* CameraView.swift in Sources */,
				FD0FFF3A24847648004ED105 /* Data.swift in Sources */,
				FD1B48F024988B8A008AFE56 /* Coordinator.swift in Sources */,
				FD0FFF4A2484CC5A004ED105 /* PromptCircle.swift in Sources */,
				FD0FFF3C24848F04004ED105 /* GameViews.swift in Sources */,
				FD0FFF462484BA16004ED105 /* Submission.swift in Sources */,
			);
			runOnlyForDeploymentPostprocessing = 0;
		};
/* End PBXSourcesBuildPhase section */

/* Begin PBXVariantGroup section */
		FD97F89D2484524500A810E8 /* LaunchScreen.storyboard */ = {
			isa = PBXVariantGroup;
			children = (
				FD97F89E2484524500A810E8 /* Base */,
			);
			name = LaunchScreen.storyboard;
			sourceTree = "<group>";
		};
/* End PBXVariantGroup section */

/* Begin XCBuildConfiguration section */
		FD97F8A12484524500A810E8 /* Debug */ = {
			isa = XCBuildConfiguration;
			buildSettings = {
				ALWAYS_SEARCH_USER_PATHS = NO;
				CLANG_ANALYZER_NONNULL = YES;
				CLANG_ANALYZER_NUMBER_OBJECT_CONVERSION = YES_AGGRESSIVE;
				CLANG_CXX_LANGUAGE_STANDARD = "gnu++14";
				CLANG_CXX_LIBRARY = "libc++";
				CLANG_ENABLE_MODULES = YES;
				CLANG_ENABLE_OBJC_ARC = YES;
				CLANG_ENABLE_OBJC_WEAK = YES;
				CLANG_WARN_BLOCK_CAPTURE_AUTORELEASING = YES;
				CLANG_WARN_BOOL_CONVERSION = YES;
				CLANG_WARN_COMMA = YES;
				CLANG_WARN_CONSTANT_CONVERSION = YES;
				CLANG_WARN_DEPRECATED_OBJC_IMPLEMENTATIONS = YES;
				CLANG_WARN_DIRECT_OBJC_ISA_USAGE = YES_ERROR;
				CLANG_WARN_DOCUMENTATION_COMMENTS = YES;
				CLANG_WARN_EMPTY_BODY = YES;
				CLANG_WARN_ENUM_CONVERSION = YES;
				CLANG_WARN_INFINITE_RECURSION = YES;
				CLANG_WARN_INT_CONVERSION = YES;
				CLANG_WARN_NON_LITERAL_NULL_CONVERSION = YES;
				CLANG_WARN_OBJC_IMPLICIT_RETAIN_SELF = YES;
				CLANG_WARN_OBJC_LITERAL_CONVERSION = YES;
				CLANG_WARN_OBJC_ROOT_CLASS = YES_ERROR;
				CLANG_WARN_RANGE_LOOP_ANALYSIS = YES;
				CLANG_WARN_STRICT_PROTOTYPES = YES;
				CLANG_WARN_SUSPICIOUS_MOVE = YES;
				CLANG_WARN_UNGUARDED_AVAILABILITY = YES_AGGRESSIVE;
				CLANG_WARN_UNREACHABLE_CODE = YES;
				CLANG_WARN__DUPLICATE_METHOD_MATCH = YES;
				COPY_PHASE_STRIP = NO;
				DEBUG_INFORMATION_FORMAT = dwarf;
				ENABLE_STRICT_OBJC_MSGSEND = YES;
				ENABLE_TESTABILITY = YES;
				GCC_C_LANGUAGE_STANDARD = gnu11;
				GCC_DYNAMIC_NO_PIC = NO;
				GCC_NO_COMMON_BLOCKS = YES;
				GCC_OPTIMIZATION_LEVEL = 0;
				GCC_PREPROCESSOR_DEFINITIONS = (
					"DEBUG=1",
					"$(inherited)",
				);
				GCC_WARN_64_TO_32_BIT_CONVERSION = YES;
				GCC_WARN_ABOUT_RETURN_TYPE = YES_ERROR;
				GCC_WARN_UNDECLARED_SELECTOR = YES;
				GCC_WARN_UNINITIALIZED_AUTOS = YES_AGGRESSIVE;
				GCC_WARN_UNUSED_FUNCTION = YES;
				GCC_WARN_UNUSED_VARIABLE = YES;
				IPHONEOS_DEPLOYMENT_TARGET = 13.5;
				MTL_ENABLE_DEBUG_INFO = INCLUDE_SOURCE;
				MTL_FAST_MATH = YES;
				ONLY_ACTIVE_ARCH = YES;
				SDKROOT = iphoneos;
				SWIFT_ACTIVE_COMPILATION_CONDITIONS = DEBUG;
				SWIFT_OPTIMIZATION_LEVEL = "-Onone";
			};
			name = Debug;
		};
		FD97F8A22484524500A810E8 /* Release */ = {
			isa = XCBuildConfiguration;
			buildSettings = {
				ALWAYS_SEARCH_USER_PATHS = NO;
				CLANG_ANALYZER_NONNULL = YES;
				CLANG_ANALYZER_NUMBER_OBJECT_CONVERSION = YES_AGGRESSIVE;
				CLANG_CXX_LANGUAGE_STANDARD = "gnu++14";
				CLANG_CXX_LIBRARY = "libc++";
				CLANG_ENABLE_MODULES = YES;
				CLANG_ENABLE_OBJC_ARC = YES;
				CLANG_ENABLE_OBJC_WEAK = YES;
				CLANG_WARN_BLOCK_CAPTURE_AUTORELEASING = YES;
				CLANG_WARN_BOOL_CONVERSION = YES;
				CLANG_WARN_COMMA = YES;
				CLANG_WARN_CONSTANT_CONVERSION = YES;
				CLANG_WARN_DEPRECATED_OBJC_IMPLEMENTATIONS = YES;
				CLANG_WARN_DIRECT_OBJC_ISA_USAGE = YES_ERROR;
				CLANG_WARN_DOCUMENTATION_COMMENTS = YES;
				CLANG_WARN_EMPTY_BODY = YES;
				CLANG_WARN_ENUM_CONVERSION = YES;
				CLANG_WARN_INFINITE_RECURSION = YES;
				CLANG_WARN_INT_CONVERSION = YES;
				CLANG_WARN_NON_LITERAL_NULL_CONVERSION = YES;
				CLANG_WARN_OBJC_IMPLICIT_RETAIN_SELF = YES;
				CLANG_WARN_OBJC_LITERAL_CONVERSION = YES;
				CLANG_WARN_OBJC_ROOT_CLASS = YES_ERROR;
				CLANG_WARN_RANGE_LOOP_ANALYSIS = YES;
				CLANG_WARN_STRICT_PROTOTYPES = YES;
				CLANG_WARN_SUSPICIOUS_MOVE = YES;
				CLANG_WARN_UNGUARDED_AVAILABILITY = YES_AGGRESSIVE;
				CLANG_WARN_UNREACHABLE_CODE = YES;
				CLANG_WARN__DUPLICATE_METHOD_MATCH = YES;
				COPY_PHASE_STRIP = NO;
				DEBUG_INFORMATION_FORMAT = "dwarf-with-dsym";
				ENABLE_NS_ASSERTIONS = NO;
				ENABLE_STRICT_OBJC_MSGSEND = YES;
				GCC_C_LANGUAGE_STANDARD = gnu11;
				GCC_NO_COMMON_BLOCKS = YES;
				GCC_WARN_64_TO_32_BIT_CONVERSION = YES;
				GCC_WARN_ABOUT_RETURN_TYPE = YES_ERROR;
				GCC_WARN_UNDECLARED_SELECTOR = YES;
				GCC_WARN_UNINITIALIZED_AUTOS = YES_AGGRESSIVE;
				GCC_WARN_UNUSED_FUNCTION = YES;
				GCC_WARN_UNUSED_VARIABLE = YES;
				IPHONEOS_DEPLOYMENT_TARGET = 13.5;
				MTL_ENABLE_DEBUG_INFO = NO;
				MTL_FAST_MATH = YES;
				SDKROOT = iphoneos;
				SWIFT_COMPILATION_MODE = wholemodule;
				SWIFT_OPTIMIZATION_LEVEL = "-O";
				VALIDATE_PRODUCT = YES;
			};
			name = Release;
		};
		FD97F8A42484524500A810E8 /* Debug */ = {
			isa = XCBuildConfiguration;
			baseConfigurationReference = CF159BDE97F29661E56AFA65 /* Pods-PhotoFinish.debug.xcconfig */;
			buildSettings = {
				ASSETCATALOG_COMPILER_APPICON_NAME = AppIcon;
				CODE_SIGN_STYLE = Automatic;
				DEVELOPMENT_ASSET_PATHS = "\"PhotoFinish/Preview Content\"";
				DEVELOPMENT_TEAM = X4W8MM3KJG;
				ENABLE_PREVIEWS = YES;
				INFOPLIST_FILE = PhotoFinish/Info.plist;
				IPHONEOS_DEPLOYMENT_TARGET = 13.7;
				LD_RUNPATH_SEARCH_PATHS = (
					"$(inherited)",
					"@executable_path/Frameworks",
				);
				PRODUCT_BUNDLE_IDENTIFIER = SleepyStudios.PhotoFinish;
				PRODUCT_NAME = "$(TARGET_NAME)";
				SWIFT_VERSION = 5.0;
				TARGETED_DEVICE_FAMILY = "1,2";
			};
			name = Debug;
		};
		FD97F8A52484524500A810E8 /* Release */ = {
			isa = XCBuildConfiguration;
			baseConfigurationReference = 924C61103C003CC61B3C97EE /* Pods-PhotoFinish.release.xcconfig */;
			buildSettings = {
				ASSETCATALOG_COMPILER_APPICON_NAME = AppIcon;
				CODE_SIGN_STYLE = Automatic;
				DEVELOPMENT_ASSET_PATHS = "\"PhotoFinish/Preview Content\"";
				DEVELOPMENT_TEAM = X4W8MM3KJG;
				ENABLE_PREVIEWS = YES;
				INFOPLIST_FILE = PhotoFinish/Info.plist;
				IPHONEOS_DEPLOYMENT_TARGET = 13.7;
				LD_RUNPATH_SEARCH_PATHS = (
					"$(inherited)",
					"@executable_path/Frameworks",
				);
				PRODUCT_BUNDLE_IDENTIFIER = SleepyStudios.PhotoFinish;
				PRODUCT_NAME = "$(TARGET_NAME)";
				SWIFT_VERSION = 5.0;
				TARGETED_DEVICE_FAMILY = "1,2";
			};
			name = Release;
		};
/* End XCBuildConfiguration section */

/* Begin XCConfigurationList section */
		FD97F88A2484524300A810E8 /* Build configuration list for PBXProject "PhotoFinish" */ = {
			isa = XCConfigurationList;
			buildConfigurations = (
				FD97F8A12484524500A810E8 /* Debug */,
				FD97F8A22484524500A810E8 /* Release */,
			);
			defaultConfigurationIsVisible = 0;
			defaultConfigurationName = Release;
		};
		FD97F8A32484524500A810E8 /* Build configuration list for PBXNativeTarget "PhotoFinish" */ = {
			isa = XCConfigurationList;
			buildConfigurations = (
				FD97F8A42484524500A810E8 /* Debug */,
				FD97F8A52484524500A810E8 /* Release */,
			);
			defaultConfigurationIsVisible = 0;
			defaultConfigurationName = Release;
		};
/* End XCConfigurationList section */
	};
	rootObject = FD97F8872484524300A810E8 /* Project object */;
}
